Microsoft Visual Studio Solution File, Format Version 12.00
# Visual Studio Version 17
VisualStudioVersion = 17.0.31903.59
MinimumVisualStudioVersion = 10.0.40219.1
Project("{FAE04EC0-301F-11D3-BF4B-00C04F79EFBC}") = "AuthenticationService", "AuthenticationService\AuthenticationService.csproj", "{E6B2B26B-5B7A-4E5E-B0B3-2B6C6D4F3A2D}"
EndProject
Project("{FAE04EC0-301F-11D3-BF4B-00C04F79EFBC}") = "Transports", "Transports\Transports.csproj", "{F8A1B2C3-4D5E-6F7A-8B9C-0D1E2F3A4B5C}"
EndProject
Global
	GlobalSection(SolutionConfigurationPlatforms) = preSolution
		Debug|Any CPU = Debug|Any CPU
		Release|Any CPU = Release|Any CPU
	EndGlobalSection
	GlobalSection(ProjectConfigurationPlatforms) = postSolution
		{E6B2B26B-5B7A-4E5E-B0B3-2B6C6D4F3A2D}.Debug|Any CPU.ActiveCfg = Debug|Any CPU
		{E6B2B26B-5B7A-4E5E-B0B3-2B6C6D4F3A2D}.Debug|Any CPU.Build.0 = Debug|Any CPU
		{E6B2B26B-5B7A-4E5E-B0B3-2B6C6D4F3A2D}.Release|Any CPU.ActiveCfg = Release|Any CPU
		{E6B2B26B-5B7A-4E5E-B0B3-2B6C6D4F3A2D}.Release|Any CPU.Build.0 = Release|Any CPU
		{F8A1B2C3-4D5E-6F7A-8B9C-0D1E2F3A4B5C}.Debug|Any CPU.ActiveCfg = Debug|Any CPU
		{F8A1B2C3-4D5E-6F7A-8B9C-0D1E2F3A4B5C}.Debug|Any CPU.Build.0 = Debug|Any CPU
		{F8A1B2C3-4D5E-6F7A-8B9C-0D1E2F3A4B5C}.Release|Any CPU.ActiveCfg = Release|Any CPU
		{F8A1B2C3-4D5E-6F7A-8B9C-0D1E2F3A4B5C}.Release|Any CPU.Build.0 = Release|Any CPU
	EndGlobalSection
	GlobalSection(SolutionProperties) = preSolution
		HideSolutionNode = FALSE
	EndGlobalSection
EndGlobal
